github.com/davecgh/go-spew v1.1.2-0.20180830191138-d8f796af33cc h1:U9qPSI2PIWSS1VwoXQT9A3Wy9MM3WgvqSxFWenqJduM=
github.com/davecgh/go-spew v1.1.2-0.20180830191138-d8f796af33cc/go.mod h1:J7Y8YcW2NihsgmVo/mv3lAwl/skON4iLHjSsI+c5H38=
github.com/gomatic/go-app v0.6.9 h1:0rMuzOMXxGhNSuZqQ8JhqX8jqhREIrJWwxL+xzEDARA=
github.com/gomatic/go-app v0.6.9/go.mod h1:9Mr4FOfmNlcD/wvVHxTrILh2dbpU89Z+jym7kdjq1oo=
github.com/gomatic/go-docker v0.4.0 h1:9vY0Z9TA2ctmgYf+DCF4PMFk7GJmYzziHx5oKQs4Xig=
github.com/gomatic/go-docker v0.4.0/go.mod h1:/dgWmGuTuN5OKMMb6bDnsZqukM9gauYirThdee2q5XE=
github.com/gomatic/go-error v0.3.13 h1:Q2PAw8lt87XGDZQorId6MeAmHRJxT47XOK5eVAs/lr4=
github.com/gomatic/go-error v0.3.13/go.mod h1:QVlrIcHreFp6u7n5UZiez8+eDllnV8eWP3vlDHSWnCo=
github.com/gomatic/go-log v0.3.12 h1:vCcV7MCos+Dbk7FwbKQzDfIlVDD3XttqY5bXvyM15KA=
github.com/gomatic/go-log v0.3.12/go.mod h1:gxjlU3zqKVxwSvwUR34AiqV501/h4fanaz/QmmXPsDU=
github.com/gomatic/go-output v0.3.15 h1:D5G+9mQGaA2gSpL33UIov3/crxsf0g/g6E8VPniCipU=
github.com/gomatic/go-output v0.3.15/go.mod h1:m5FbULZGI6ziC+BaMeDHsTh2C6yp3XghNt3aCZLxLKo=
github.com/gomatic/go-pgdocker v0.7.0 h1:MJAyfQySCQB0b5J+wCkU6pE39ivTS9zhNgp5DOrlij8=
github.com/gomatic/go-pgdocker v0.7.0/go.mod h1:Oez461gaamxjIfWvkxizLXitxmqXSNhVOdOiARbI61s=
github.com/kr/pretty v0.3.1 h1:flRD4NNwYAUpkphVc1HcthR4KEIFJ65n8Mw5qdRn3LE=
github.com/kr/pretty v0.3.1/go.mod h1:hoEshYVHaxMs3cyo3Yncou5ZscifuDolrwPKZanG3xk=
github.com/kr/text v0.2.0 h1:5Nx0Ya0ZqY2ygV366QzturHI13Jq95ApcVaJBhpS+AY=
github.com/kr/text v0.2.0/go.mod h1:eLer722TekiGuMkidMxC/pM04lWEeraHUUmBw8l2grE=
github.com/pmezard/go-difflib v1.0.1-0.20181226105442-5d4384ee4fb2 h1:Jamvg5psRIccs7FGNTlIRMkT8wgtp5eCXdBlqhYGL6U=
github.com/pmezard/go-difflib v1.0.1-0.20181226105442-5d4384ee4fb2/go.mod h1:iKH77koFhYxTK1pcRnkKkqfTogsbg7gZNVY4sRDYZ/4=
github.com/rogpeppe/go-internal v1.14.1 h1:UQB4HGPB6osV0SQTLymcB4TgvyWu6ZyliaW0tI/otEQ=
github.com/rogpeppe/go-internal v1.14.1/go.mod h1:MaRKkUm5W0goXpeCfT7UZI6fk/L7L7so1lCWt35ZSgc=
github.com/stretchr/testify v1.11.1 h1:7s2iGBzp5EwR7/aIZr8ao5+dra3wiQyKjjFuvgVKu7U=
github.com/stretchr/testify v1.11.1/go.mod h1:wZwfW3scLgRK+23gO65QZefKpKQRnfz6sD981Nm4B6U=
github.com/urfave/cli/v3 v3.10.1 h1:7Kx9H50hrHbRbyxgO1KP6/BcbiGRz0uYh5YyQ30JEEY=
github.com/urfave/cli/v3 v3.10.1/go.mod h1:ysVLtOEmg2tOy6PknnYVhDoouyC/6N42TMeoMzskhso=
gopkg.in/check.v1 v0.0.0-20161208181325-20d25e280405/go.mod h1:Co6ibVJAznAaIkqp8huTwlJQCZ016jof/cbN4VW5Yz0=
gopkg.in/check.v1 v1.0.0-20201130134442-10cb98267c6c h1:Hei/4ADfdWqJk1ZMxUNpqntNwaWcugrBjAiHlqqRiVk=
gopkg.in/check.v1 v1.0.0-20201130134442-10cb98267c6c/go.mod h1:JHkPIbrfpd72SG/EVd6muEfDQjcINNoR0C8j2r3qZ4Q=
gopkg.in/yaml.v3 v3.0.1 h1:fxVm/GzAzEWqLHuvctI91KS9hhNmmWOoWu0XTYJS7CA=
gopkg.in/yaml.v3 v3.0.1/go.mod h1:K4uyk7z7BCEPqu6E+C64Yfv1cQ7kz7rIZviUmN+EgEM=
